
Microsoft Visual Studio Solution File, Format Version 12.00
# Visual Studio Version 17
VisualStudioVersion = 17.3.32929.385
MinimumVisualStudioVersion = 10.0.40219.1
Project("{FAE04EC0-301F-11D3-BF4B-00C04F79EFBC}") = "NetCore_DemoConverterParameter", "NetCore_DemoConverterParameter\NetCore_DemoConverterParameter.csproj", "{F4EEAFC5-38F1-4AAC-95F4-94F03AC9C08B}"
EndProject
Global
	GlobalSection(SolutionConfigurationPlatforms) = preSolution
		Debug|Any CPU = Debug|Any CPU
		Release|Any CPU = Release|Any CPU
	EndGlobalSection
	GlobalSection(ProjectConfigurationPlatforms) = postSolution
		{F4EEAFC5-38F1-4AAC-95F4-94F03AC9C08B}.Debug|Any CPU.ActiveCfg = Debug|Any CPU
		{F4EEAFC5-38F1-4AAC-95F4-94F03AC9C08B}.Debug|Any CPU.Build.0 = Debug|Any CPU
		{F4EEAFC5-38F1-4AAC-95F4-94F03AC9C08B}.Release|Any CPU.ActiveCfg = Release|Any CPU
		{F4EEAFC5-38F1-4AAC-95F4-94F03AC9C08B}.Release|Any CPU.Build.0 = Release|Any CPU
	EndGlobalSection
	GlobalSection(SolutionProperties) = preSolution
		HideSolutionNode = FALSE
	EndGlobalSection
	GlobalSection(ExtensibilityGlobals) = postSolution
		SolutionGuid = {54A814CB-D723-4CBF-9259-C037EE7853FC}
	EndGlobalSection
EndGlobal
